
Microsoft Visual Studio Solution File, Format Version 12.00
# Visual Studio Version 17
VisualStudioVersion = 17.5.33627.172
MinimumVisualStudioVersion = 10.0.40219.1
Project("{9A19103F-16F7-4668-BE54-9A1E7A4F7556}") = "MauiShakeDetector", "MauiShakeDetector\MauiShakeDetector.csproj", "{027DA9CC-26A5-4026-B732-C6E45566E013}"
EndProject
Project("{9A19103F-16F7-4668-BE54-9A1E7A4F7556}") = "MauiShakeDetectorSample", "..\sample\MauiShakeDetectorSample\MauiShakeDetectorSample.csproj", "{A7020180-920D-42F8-93FB-BA36927F8B37}"
EndProject
Global
	GlobalSection(SolutionConfigurationPlatforms) = preSolution
		Debug|Any CPU = Debug|Any CPU
		Release|Any CPU = Release|Any CPU
	EndGlobalSection
	GlobalSection(ProjectConfigurationPlatforms) = postSolution
		{027DA9CC-26A5-4026-B732-C6E45566E013}.Debug|Any CPU.ActiveCfg = Debug|Any CPU
		{027DA9CC-26A5-4026-B732-C6E45566E013}.Debug|Any CPU.Build.0 = Debug|Any CPU
		{027DA9CC-26A5-4026-B732-C6E45566E013}.Release|Any CPU.ActiveCfg = Release|Any CPU
		{027DA9CC-26A5-4026-B732-C6E45566E013}.Release|Any CPU.Build.0 = Release|Any CPU
		{A7020180-920D-42F8-93FB-BA36927F8B37}.Debug|Any CPU.ActiveCfg = Debug|Any CPU
		{A7020180-920D-42F8-93FB-BA36927F8B37}.Debug|Any CPU.Build.0 = Debug|Any CPU
		{A7020180-920D-42F8-93FB-BA36927F8B37}.Debug|Any CPU.Deploy.0 = Debug|Any CPU
		{A7020180-920D-42F8-93FB-BA36927F8B37}.Release|Any CPU.ActiveCfg = Release|Any CPU
		{A7020180-920D-42F8-93FB-BA36927F8B37}.Release|Any CPU.Build.0 = Release|Any CPU
		{A7020180-920D-42F8-93FB-BA36927F8B37}.Release|Any CPU.Deploy.0 = Release|Any CPU
	EndGlobalSection
	GlobalSection(SolutionProperties) = preSolution
		HideSolutionNode = FALSE
	EndGlobalSection
	GlobalSection(ExtensibilityGlobals) = postSolution
		SolutionGuid = {C203CE56-2ED9-41BF-8E11-3E525111D255}
	EndGlobalSection
EndGlobal
